
Microsoft Visual Studio Solution File, Format Version 12.00
# Visual Studio Version 17
VisualStudioVersion = 17.8.34322.80
MinimumVisualStudioVersion = 10.0.40219.1
Project("{9A19103F-16F7-4668-BE54-9A1E7A4F7556}") = "Day1", "Day1\Day1.csproj", "{16554A7C-2F04-4850-A938-10DB3EA64E3E}"
EndProject
Project("{9A19103F-16F7-4668-BE54-9A1E7A4F7556}") = "Day2", "Day2\Day2.csproj", "{82FD94ED-C68F-408E-A8A7-A6AC40B9996C}"
EndProject
Project("{2150E333-8FDC-42A3-9474-1A3956D46DE8}") = "Solution Items", "Solution Items", "{96D16D87-97CC-4952-82AB-5C038834677B}"
	ProjectSection(SolutionItems) = preProject
		.editorconfig = .editorconfig
		Directory.Build.Props = Directory.Build.Props
	EndProjectSection
EndProject
Project("{9A19103F-16F7-4668-BE54-9A1E7A4F7556}") = "DayTemplate", "DayTemplate\DayTemplate.csproj", "{81C0D99E-692D-40C0-8C20-04F5E13CF8EB}"
EndProject
Project("{9A19103F-16F7-4668-BE54-9A1E7A4F7556}") = "Infra", "Infra\Infra.csproj", "{905CCFED-5A8F-4BD1-AFB3-18930643A306}"
EndProject
Project("{9A19103F-16F7-4668-BE54-9A1E7A4F7556}") = "Day3", "Day3\Day3.csproj", "{5F47742E-CDB5-44CC-A565-FD3DBD42120E}"
EndProject
Project("{9A19103F-16F7-4668-BE54-9A1E7A4F7556}") = "Day4", "Day4\Day4.csproj", "{88776960-9466-4904-91C3-AA1C48CFFD4E}"
EndProject
Project("{9A19103F-16F7-4668-BE54-9A1E7A4F7556}") = "Day5", "Day5\Day5.csproj", "{9FBF836A-F10D-4511-AEBD-E959EE4F5653}"
EndProject
Project("{9A19103F-16F7-4668-BE54-9A1E7A4F7556}") = "Day6", "Day6\Day6.csproj", "{01921962-95F6-42A8-BEDA-68A881B141E2}"
EndProject
Project("{9A19103F-16F7-4668-BE54-9A1E7A4F7556}") = "Day7", "Day7\Day7.csproj", "{7BED1580-B117-444F-A38E-EB32F0F7CA34}"
EndProject
Project("{9A19103F-16F7-4668-BE54-9A1E7A4F7556}") = "Day8", "Day8\Day8.csproj", "{5BDF7A93-C771-45B2-A04F-EBED4210C685}"
EndProject
Project("{9A19103F-16F7-4668-BE54-9A1E7A4F7556}") = "Day9", "Day9\Day9.csproj", "{585F4CF8-92D1-40F1-9AAD-21C7CB25798B}"
EndProject
Project("{FAE04EC0-301F-11D3-BF4B-00C04F79EFBC}") = "Day11", "Day_10\Day11.csproj", "{70018D85-032E-4312-985D-61A999D45FAE}"
EndProject
Global
	GlobalSection(SolutionConfigurationPlatforms) = preSolution
		Debug|Any CPU = Debug|Any CPU
		Release|Any CPU = Release|Any CPU
	EndGlobalSection
	GlobalSection(ProjectConfigurationPlatforms) = postSolution
		{16554A7C-2F04-4850-A938-10DB3EA64E3E}.Debug|Any CPU.ActiveCfg = Debug|Any CPU
		{16554A7C-2F04-4850-A938-10DB3EA64E3E}.Debug|Any CPU.Build.0 = Debug|Any CPU
		{16554A7C-2F04-4850-A938-10DB3EA64E3E}.Release|Any CPU.ActiveCfg = Release|Any CPU
		{16554A7C-2F04-4850-A938-10DB3EA64E3E}.Release|Any CPU.Build.0 = Release|Any CPU
		{82FD94ED-C68F-408E-A8A7-A6AC40B9996C}.Debug|Any CPU.ActiveCfg = Debug|Any CPU
		{82FD94ED-C68F-408E-A8A7-A6AC40B9996C}.Debug|Any CPU.Build.0 = Debug|Any CPU
		{82FD94ED-C68F-408E-A8A7-A6AC40B9996C}.Release|Any CPU.ActiveCfg = Release|Any CPU
		{82FD94ED-C68F-408E-A8A7-A6AC40B9996C}.Release|Any CPU.Build.0 = Release|Any CPU
		{81C0D99E-692D-40C0-8C20-04F5E13CF8EB}.Debug|Any CPU.ActiveCfg = Debug|Any CPU
		{81C0D99E-692D-40C0-8C20-04F5E13CF8EB}.Debug|Any CPU.Build.0 = Debug|Any CPU
		{81C0D99E-692D-40C0-8C20-04F5E13CF8EB}.Release|Any CPU.ActiveCfg = Release|Any CPU
		{81C0D99E-692D-40C0-8C20-04F5E13CF8EB}.Release|Any CPU.Build.0 = Release|Any CPU
		{905CCFED-5A8F-4BD1-AFB3-18930643A306}.Debug|Any CPU.ActiveCfg = Debug|Any CPU
		{905CCFED-5A8F-4BD1-AFB3-18930643A306}.Debug|Any CPU.Build.0 = Debug|Any CPU
		{905CCFED-5A8F-4BD1-AFB3-18930643A306}.Release|Any CPU.ActiveCfg = Release|Any CPU
		{905CCFED-5A8F-4BD1-AFB3-18930643A306}.Release|Any CPU.Build.0 = Release|Any CPU
		{5F47742E-CDB5-44CC-A565-FD3DBD42120E}.Debug|Any CPU.ActiveCfg = Debug|Any CPU
		{5F47742E-CDB5-44CC-A565-FD3DBD42120E}.Debug|Any CPU.Build.0 = Debug|Any CPU
		{5F47742E-CDB5-44CC-A565-FD3DBD42120E}.Release|Any CPU.ActiveCfg = Release|Any CPU
		{5F47742E-CDB5-44CC-A565-FD3DBD42120E}.Release|Any CPU.Build.0 = Release|Any CPU
		{88776960-9466-4904-91C3-AA1C48CFFD4E}.Debug|Any CPU.ActiveCfg = Debug|Any CPU
		{88776960-9466-4904-91C3-AA1C48CFFD4E}.Debug|Any CPU.Build.0 = Debug|Any CPU
		{88776960-9466-4904-91C3-AA1C48CFFD4E}.Release|Any CPU.ActiveCfg = Release|Any CPU
		{88776960-9466-4904-91C3-AA1C48CFFD4E}.Release|Any CPU.Build.0 = Release|Any CPU
		{9FBF836A-F10D-4511-AEBD-E959EE4F5653}.Debug|Any CPU.ActiveCfg = Debug|Any CPU
		{9FBF836A-F10D-4511-AEBD-E959EE4F5653}.Debug|Any CPU.Build.0 = Debug|Any CPU
		{9FBF836A-F10D-4511-AEBD-E959EE4F5653}.Release|Any CPU.ActiveCfg = Release|Any CPU
		{9FBF836A-F10D-4511-AEBD-E959EE4F5653}.Release|Any CPU.Build.0 = Release|Any CPU
		{01921962-95F6-42A8-BEDA-68A881B141E2}.Debug|Any CPU.ActiveCfg = Debug|Any CPU
		{01921962-95F6-42A8-BEDA-68A881B141E2}.Debug|Any CPU.Build.0 = Debug|Any CPU
		{01921962-95F6-42A8-BEDA-68A881B141E2}.Release|Any CPU.ActiveCfg = Release|Any CPU
		{01921962-95F6-42A8-BEDA-68A881B141E2}.Release|Any CPU.Build.0 = Release|Any CPU
		{7BED1580-B117-444F-A38E-EB32F0F7CA34}.Debug|Any CPU.ActiveCfg = Debug|Any CPU
		{7BED1580-B117-444F-A38E-EB32F0F7CA34}.Debug|Any CPU.Build.0 = Debug|Any CPU
		{7BED1580-B117-444F-A38E-EB32F0F7CA34}.Release|Any CPU.ActiveCfg = Release|Any CPU
		{7BED1580-B117-444F-A38E-EB32F0F7CA34}.Release|Any CPU.Build.0 = Release|Any CPU
		{5BDF7A93-C771-45B2-A04F-EBED4210C685}.Debug|Any CPU.ActiveCfg = Debug|Any CPU
		{5BDF7A93-C771-45B2-A04F-EBED4210C685}.Debug|Any CPU.Build.0 = Debug|Any CPU
		{5BDF7A93-C771-45B2-A04F-EBED4210C685}.Release|Any CPU.ActiveCfg = Release|Any CPU
		{5BDF7A93-C771-45B2-A04F-EBED4210C685}.Release|Any CPU.Build.0 = Release|Any CPU
		{585F4CF8-92D1-40F1-9AAD-21C7CB25798B}.Debug|Any CPU.ActiveCfg = Debug|Any CPU
		{585F4CF8-92D1-40F1-9AAD-21C7CB25798B}.Debug|Any CPU.Build.0 = Debug|Any CPU
		{585F4CF8-92D1-40F1-9AAD-21C7CB25798B}.Release|Any CPU.ActiveCfg = Release|Any CPU
		{585F4CF8-92D1-40F1-9AAD-21C7CB25798B}.Release|Any CPU.Build.0 = Release|Any CPU
		{70018D85-032E-4312-985D-61A999D45FAE}.Debug|Any CPU.ActiveCfg = Debug|Any CPU
		{70018D85-032E-4312-985D-61A999D45FAE}.Debug|Any CPU.Build.0 = Debug|Any CPU
		{70018D85-032E-4312-985D-61A999D45FAE}.Release|Any CPU.ActiveCfg = Release|Any CPU
		{70018D85-032E-4312-985D-61A999D45FAE}.Release|Any CPU.Build.0 = Release|Any CPU
	EndGlobalSection
	GlobalSection(SolutionProperties) = preSolution
		HideSolutionNode = FALSE
	EndGlobalSection
	GlobalSection(ExtensibilityGlobals) = postSolution
		SolutionGuid = {B041566F-70B6-49BD-BDA0-21594455EB88}
	EndGlobalSection
EndGlobal
